
Microsoft Visual Studio Solution File, Format Version 12.00
# Visual Studio Version 17
VisualStudioVersion = 17.2.32526.322
MinimumVisualStudioVersion = 10.0.40219.1
Project("{9A19103F-16F7-4668-BE54-9A1E7A4F7556}") = "CRUD_src", "CRUD_src.csproj", "{F6C6DC2B-2F42-484A-9CDF-9B2E5F005988}"
EndProject
Global
	GlobalSection(SolutionConfigurationPlatforms) = preSolution
		Debug|Any CPU = Debug|Any CPU
		Release|Any CPU = Release|Any CPU
	EndGlobalSection
	GlobalSection(ProjectConfigurationPlatforms) = postSolution
		{F6C6DC2B-2F42-484A-9CDF-9B2E5F005988}.Debug|Any CPU.ActiveCfg = Debug|Any CPU
		{F6C6DC2B-2F42-484A-9CDF-9B2E5F005988}.Debug|Any CPU.Build.0 = Debug|Any CPU
		{F6C6DC2B-2F42-484A-9CDF-9B2E5F005988}.Release|Any CPU.ActiveCfg = Release|Any CPU
		{F6C6DC2B-2F42-484A-9CDF-9B2E5F005988}.Release|Any CPU.Build.0 = Release|Any CPU
	EndGlobalSection
	GlobalSection(SolutionProperties) = preSolution
		HideSolutionNode = FALSE
	EndGlobalSection
	GlobalSection(ExtensibilityGlobals) = postSolution
		SolutionGuid = {5D8A4349-046E-4082-83DA-41C15F040BA8}
	EndGlobalSection
EndGlobal
